
Microsoft Visual Studio Solution File, Format Version 12.00
# Visual Studio Version 16
VisualStudioVersion = 16.0.31205.134
MinimumVisualStudioVersion = 10.0.40219.1
Project("{2150E333-8FDC-42A3-9474-1A3956D46DE8}") = "src", "src", "{10C183FB-3118-4C79-86FD-A13A88D3B20B}"
EndProject
Project("{2150E333-8FDC-42A3-9474-1A3956D46DE8}") = "Building Blocks", "Building Blocks", "{72FB9759-7319-42A8-9220-D5E3377BC26C}"
EndProject
Project("{2150E333-8FDC-42A3-9474-1A3956D46DE8}") = "Sevices", "Sevices", "{B07A4F27-4DE5-4D27-A50F-D7384460B6B9}"
EndProject
Project("{2150E333-8FDC-42A3-9474-1A3956D46DE8}") = "Web", "Web", "{DB125197-C866-4E5B-8111-72960737B23A}"
EndProject
Project("{2150E333-8FDC-42A3-9474-1A3956D46DE8}") = "Identidade", "Identidade", "{AD2FB709-F14F-44EF-9970-2BC788554331}"
EndProject
Project("{FAE04EC0-301F-11D3-BF4B-00C04F79EFBC}") = "NSE.Identidade.API", "src\sevices\NSE.Identidade.API\NSE.Identidade.API.csproj", "{D2A24143-91B0-4C61-ACCA-A29FE77F66C4}"
EndProject
Project("{2150E333-8FDC-42A3-9474-1A3956D46DE8}") = "MVC", "MVC", "{0AD9B8FB-4547-4F7B-AF02-93E54DBAB4EB}"
EndProject
Project("{FAE04EC0-301F-11D3-BF4B-00C04F79EFBC}") = "NSE.WebApp.MVC", "src\web\NSE.WebApp.MVC\NSE.WebApp.MVC.csproj", "{CF0F36F0-AD45-41E2-82D1-F5B36B9F8135}"
EndProject
Project("{2150E333-8FDC-42A3-9474-1A3956D46DE8}") = "Core", "Core", "{B8718EA7-2CF6-43D4-B057-1EA8BF1CE0DE}"
EndProject
Project("{FAE04EC0-301F-11D3-BF4B-00C04F79EFBC}") = "NSE.Core", "src\building blocks\NSE.Core\NSE.Core.csproj", "{5DF0C288-FB53-4161-A166-87C76114F050}"
EndProject
Project("{2150E333-8FDC-42A3-9474-1A3956D46DE8}") = "Carrinho", "Carrinho", "{EFC53576-44F7-4B01-A379-204A127899D4}"
EndProject
Project("{2150E333-8FDC-42A3-9474-1A3956D46DE8}") = "Catalogo", "Catalogo", "{A449C2CF-03C5-41E5-A0C9-8ECB05B9CE2B}"
EndProject
Project("{2150E333-8FDC-42A3-9474-1A3956D46DE8}") = "Cliente", "Cliente", "{42A450CD-E17A-4994-88E0-CB5A55B9E258}"
EndProject
Project("{2150E333-8FDC-42A3-9474-1A3956D46DE8}") = "Pagamento", "Pagamento", "{E81594EA-C159-4A7F-A06F-89D790EA3504}"
EndProject
Project("{2150E333-8FDC-42A3-9474-1A3956D46DE8}") = "Pedido", "Pedido", "{064865E2-9135-409C-B60C-D43B8C1EAC3D}"
EndProject
Project("{FAE04EC0-301F-11D3-BF4B-00C04F79EFBC}") = "NSE.Carrinho.API", "src\sevices\NSE.Carrinho.API\NSE.Carrinho.API.csproj", "{712895A9-C0BA-46A7-ADF0-5C88A4E83912}"
EndProject
Project("{FAE04EC0-301F-11D3-BF4B-00C04F79EFBC}") = "NSE.Catalogo.API", "src\sevices\NSE.Catalogo.API\NSE.Catalogo.API.csproj", "{F412980C-2855-4B83-B100-3FDCC84AFE0B}"
EndProject
Project("{FAE04EC0-301F-11D3-BF4B-00C04F79EFBC}") = "NSE.Cliente.API", "src\sevices\NSE.Cliente.API\NSE.Cliente.API.csproj", "{7CB0E9F1-A03C-4B4C-8610-FBCDC4E84A73}"
EndProject
Project("{FAE04EC0-301F-11D3-BF4B-00C04F79EFBC}") = "NSE.Pagamento.API", "src\sevices\NSE.Pagamento.API\NSE.Pagamento.API.csproj", "{C926055A-4E9D-41BD-96E6-D1293C4A8FFB}"
EndProject
Project("{FAE04EC0-301F-11D3-BF4B-00C04F79EFBC}") = "NSE.Pedido.API", "src\sevices\NSE.Pedido.API\NSE.Pedido.API.csproj", "{19082311-E7D0-4734-8537-6D4AAB210023}"
EndProject
Global
	GlobalSection(SolutionConfigurationPlatforms) = preSolution
		Debug|Any CPU = Debug|Any CPU
		Release|Any CPU = Release|Any CPU
	EndGlobalSection
	GlobalSection(ProjectConfigurationPlatforms) = postSolution
		{D2A24143-91B0-4C61-ACCA-A29FE77F66C4}.Debug|Any CPU.ActiveCfg = Debug|Any CPU
		{D2A24143-91B0-4C61-ACCA-A29FE77F66C4}.Debug|Any CPU.Build.0 = Debug|Any CPU
		{D2A24143-91B0-4C61-ACCA-A29FE77F66C4}.Release|Any CPU.ActiveCfg = Release|Any CPU
		{D2A24143-91B0-4C61-ACCA-A29FE77F66C4}.Release|Any CPU.Build.0 = Release|Any CPU
		{CF0F36F0-AD45-41E2-82D1-F5B36B9F8135}.Debug|Any CPU.ActiveCfg = Debug|Any CPU
		{CF0F36F0-AD45-41E2-82D1-F5B36B9F8135}.Debug|Any CPU.Build.0 = Debug|Any CPU
		{CF0F36F0-AD45-41E2-82D1-F5B36B9F8135}.Release|Any CPU.ActiveCfg = Release|Any CPU
		{CF0F36F0-AD45-41E2-82D1-F5B36B9F8135}.Release|Any CPU.Build.0 = Release|Any CPU
		{5DF0C288-FB53-4161-A166-87C76114F050}.Debug|Any CPU.ActiveCfg = Debug|Any CPU
		{5DF0C288-FB53-4161-A166-87C76114F050}.Debug|Any CPU.Build.0 = Debug|Any CPU
		{5DF0C288-FB53-4161-A166-87C76114F050}.Release|Any CPU.ActiveCfg = Release|Any CPU
		{5DF0C288-FB53-4161-A166-87C76114F050}.Release|Any CPU.Build.0 = Release|Any CPU
		{712895A9-C0BA-46A7-ADF0-5C88A4E83912}.Debug|Any CPU.ActiveCfg = Debug|Any CPU
		{712895A9-C0BA-46A7-ADF0-5C88A4E83912}.Debug|Any CPU.Build.0 = Debug|Any CPU
		{712895A9-C0BA-46A7-ADF0-5C88A4E83912}.Release|Any CPU.ActiveCfg = Release|Any CPU
		{712895A9-C0BA-46A7-ADF0-5C88A4E83912}.Release|Any CPU.Build.0 = Release|Any CPU
		{F412980C-2855-4B83-B100-3FDCC84AFE0B}.Debug|Any CPU.ActiveCfg = Debug|Any CPU
		{F412980C-2855-4B83-B100-3FDCC84AFE0B}.Debug|Any CPU.Build.0 = Debug|Any CPU
		{F412980C-2855-4B83-B100-3FDCC84AFE0B}.Release|Any CPU.ActiveCfg = Release|Any CPU
		{F412980C-2855-4B83-B100-3FDCC84AFE0B}.Release|Any CPU.Build.0 = Release|Any CPU
		{7CB0E9F1-A03C-4B4C-8610-FBCDC4E84A73}.Debug|Any CPU.ActiveCfg = Debug|Any CPU
		{7CB0E9F1-A03C-4B4C-8610-FBCDC4E84A73}.Debug|Any CPU.Build.0 = Debug|Any CPU
		{7CB0E9F1-A03C-4B4C-8610-FBCDC4E84A73}.Release|Any CPU.ActiveCfg = Release|Any CPU
		{7CB0E9F1-A03C-4B4C-8610-FBCDC4E84A73}.Release|Any CPU.Build.0 = Release|Any CPU
		{C926055A-4E9D-41BD-96E6-D1293C4A8FFB}.Debug|Any CPU.ActiveCfg = Debug|Any CPU
		{C926055A-4E9D-41BD-96E6-D1293C4A8FFB}.Debug|Any CPU.Build.0 = Debug|Any CPU
		{C926055A-4E9D-41BD-96E6-D1293C4A8FFB}.Release|Any CPU.ActiveCfg = Release|Any CPU
		{C926055A-4E9D-41BD-96E6-D1293C4A8FFB}.Release|Any CPU.Build.0 = Release|Any CPU
		{19082311-E7D0-4734-8537-6D4AAB210023}.Debug|Any CPU.ActiveCfg = Debug|Any CPU
		{19082311-E7D0-4734-8537-6D4AAB210023}.Debug|Any CPU.Build.0 = Debug|Any CPU
		{19082311-E7D0-4734-8537-6D4AAB210023}.Release|Any CPU.ActiveCfg = Release|Any CPU
		{19082311-E7D0-4734-8537-6D4AAB210023}.Release|Any CPU.Build.0 = Release|Any CPU
	EndGlobalSection
	GlobalSection(SolutionProperties) = preSolution
		HideSolutionNode = FALSE
	EndGlobalSection
	GlobalSection(NestedProjects) = preSolution
		{72FB9759-7319-42A8-9220-D5E3377BC26C} = {10C183FB-3118-4C79-86FD-A13A88D3B20B}
		{B07A4F27-4DE5-4D27-A50F-D7384460B6B9} = {10C183FB-3118-4C79-86FD-A13A88D3B20B}
		{DB125197-C866-4E5B-8111-72960737B23A} = {10C183FB-3118-4C79-86FD-A13A88D3B20B}
		{AD2FB709-F14F-44EF-9970-2BC788554331} = {B07A4F27-4DE5-4D27-A50F-D7384460B6B9}
		{D2A24143-91B0-4C61-ACCA-A29FE77F66C4} = {AD2FB709-F14F-44EF-9970-2BC788554331}
		{0AD9B8FB-4547-4F7B-AF02-93E54DBAB4EB} = {DB125197-C866-4E5B-8111-72960737B23A}
		{CF0F36F0-AD45-41E2-82D1-F5B36B9F8135} = {0AD9B8FB-4547-4F7B-AF02-93E54DBAB4EB}
		{B8718EA7-2CF6-43D4-B057-1EA8BF1CE0DE} = {72FB9759-7319-42A8-9220-D5E3377BC26C}
		{5DF0C288-FB53-4161-A166-87C76114F050} = {B8718EA7-2CF6-43D4-B057-1EA8BF1CE0DE}
		{EFC53576-44F7-4B01-A379-204A127899D4} = {B07A4F27-4DE5-4D27-A50F-D7384460B6B9}
		{A449C2CF-03C5-41E5-A0C9-8ECB05B9CE2B} = {B07A4F27-4DE5-4D27-A50F-D7384460B6B9}
		{42A450CD-E17A-4994-88E0-CB5A55B9E258} = {B07A4F27-4DE5-4D27-A50F-D7384460B6B9}
		{E81594EA-C159-4A7F-A06F-89D790EA3504} = {B07A4F27-4DE5-4D27-A50F-D7384460B6B9}
		{064865E2-9135-409C-B60C-D43B8C1EAC3D} = {B07A4F27-4DE5-4D27-A50F-D7384460B6B9}
		{712895A9-C0BA-46A7-ADF0-5C88A4E83912} = {EFC53576-44F7-4B01-A379-204A127899D4}
		{F412980C-2855-4B83-B100-3FDCC84AFE0B} = {A449C2CF-03C5-41E5-A0C9-8ECB05B9CE2B}
		{7CB0E9F1-A03C-4B4C-8610-FBCDC4E84A73} = {42A450CD-E17A-4994-88E0-CB5A55B9E258}
		{C926055A-4E9D-41BD-96E6-D1293C4A8FFB} = {E81594EA-C159-4A7F-A06F-89D790EA3504}
		{19082311-E7D0-4734-8537-6D4AAB210023} = {064865E2-9135-409C-B60C-D43B8C1EAC3D}
	EndGlobalSection
	GlobalSection(ExtensibilityGlobals) = postSolution
		SolutionGuid = {537DF2B3-395B-4A6C-8811-4011DFE29652}
	EndGlobalSection
EndGlobal
